
Microsoft Visual Studio Solution File, Format Version 12.00
# Visual Studio 14
VisualStudioVersion = 14.0.25420.1
MinimumVisualStudioVersion = 10.0.40219.1
Project("{FAE04EC0-301F-11D3-BF4B-00C04F79EFBC}") = "05", "05.\05.csproj", "{7469C203-FAA2-478C-8F90-ED20088CCCA1}"
EndProject
Project("{FAE04EC0-301F-11D3-BF4B-00C04F79EFBC}") = "04.TriangleOfStars", "04.TriangleOfStars\04.TriangleOfStars.csproj", "{94A4CC28-342C-4295-98B7-F8B80C24124A}"
EndProject
Project("{FAE04EC0-301F-11D3-BF4B-00C04F79EFBC}") = "06.Square", "06.Square\06.Square.csproj", "{89B1298E-D888-4AB8-A671-914886FCE887}"
EndProject
Global
	GlobalSection(SolutionConfigurationPlatforms) = preSolution
		Debug|Any CPU = Debug|Any CPU
		Release|Any CPU = Release|Any CPU
	EndGlobalSection
	GlobalSection(ProjectConfigurationPlatforms) = postSolution
		{7469C203-FAA2-478C-8F90-ED20088CCCA1}.Debug|Any CPU.ActiveCfg = Debug|Any CPU
		{7469C203-FAA2-478C-8F90-ED20088CCCA1}.Debug|Any CPU.Build.0 = Debug|Any CPU
		{7469C203-FAA2-478C-8F90-ED20088CCCA1}.Release|Any CPU.ActiveCfg = Release|Any CPU
		{7469C203-FAA2-478C-8F90-ED20088CCCA1}.Release|Any CPU.Build.0 = Release|Any CPU
		{94A4CC28-342C-4295-98B7-F8B80C24124A}.Debug|Any CPU.ActiveCfg = Debug|Any CPU
		{94A4CC28-342C-4295-98B7-F8B80C24124A}.Debug|Any CPU.Build.0 = Debug|Any CPU
		{94A4CC28-342C-4295-98B7-F8B80C24124A}.Release|Any CPU.ActiveCfg = Release|Any CPU
		{94A4CC28-342C-4295-98B7-F8B80C24124A}.Release|Any CPU.Build.0 = Release|Any CPU
		{89B1298E-D888-4AB8-A671-914886FCE887}.Debug|Any CPU.ActiveCfg = Debug|Any CPU
		{89B1298E-D888-4AB8-A671-914886FCE887}.Debug|Any CPU.Build.0 = Debug|Any CPU
		{89B1298E-D888-4AB8-A671-914886FCE887}.Release|Any CPU.ActiveCfg = Release|Any CPU
		{89B1298E-D888-4AB8-A671-914886FCE887}.Release|Any CPU.Build.0 = Release|Any CPU
	EndGlobalSection
	GlobalSection(SolutionProperties) = preSolution
		HideSolutionNode = FALSE
	EndGlobalSection
EndGlobal
